// !$*UTF8*$!
{
	archiveVersion = 1;
	classes = {
	};
	objectVersion = 46;
	objects = {

/* Begin PBXBuildFile section */
		8FB070D91A859A0D001C15D9 /* main.m in Sources */ = {isa = PBXBuildFile; fileRef = 8FB070D81A859A0D001C15D9 /* main.m */; };
		8FB070DC1A859A0D001C15D9 /* AppDelegate.m in Sources */ = {isa = PBXBuildFile; fileRef = 8FB070DB1A859A0D001C15D9 /* AppDelegate.m */; };
		8FB070DF1A859A0D001C15D9 /* ViewController.m in Sources */ = {isa = PBXBuildFile; fileRef = 8FB070DE1A859A0D001C15D9 /* ViewController.m */; };
		8FB070E21A859A0D001C15D9 /* Main.storyboard in Resources */ = {isa = PBXBuildFile; fileRef = 8FB070E01A859A0D001C15D9 /* Main.storyboard */; };
		8FB070E41A859A0D001C15D9 /* Images.xcassets in Resources */ = {isa = PBXBuildFile; fileRef = 8FB070E31A859A0D001C15D9 /* Images.xcassets */; };
		8FB070E71A859A0D001C15D9 /* LaunchScreen.xib in Resources */ = {isa = PBXBuildFile; fileRef = 8FB070E51A859A0D001C15D9 /* LaunchScreen.xib */; };
		8FB070F31A859A0D001C15D9 /* PracticaPushTests.m in Sources */ = {isa = PBXBuildFile; fileRef = 8FB070F21A859A0D001C15D9 /* PracticaPushTests.m */; };
/* End PBXBuildFile section */

/* Begin PBXContainerItemProxy section */
		8FB070ED1A859A0D001C15D9 /* PBXContainerItemProxy */ = {
			isa = PBXContainerItemProxy;
			containerPortal = 8FB070CB1A859A0D001C15D9 /* Project object */;
			proxyType = 1;
			remoteGlobalIDString = 8FB070D21A859A0D001C15D9;
			remoteInfo = PracticaPush;
		};
/* End PBXContainerItemProxy section */

/* Begin PBXFileReference section */
		8FB070D31A859A0D001C15D9 /* PracticaPush.app */ = {isa = PBXFileReference; explicitFileType = wrapper.application; includeInIndex = 0; path = PracticaPush.app; sourceTree = BUILT_PRODUCTS_DIR; };
		8FB070D71A859A0D001C15D9 /* Info.plist */ = {isa = PBXFileReference; lastKnownFileType = text.plist.xml; path = Info.plist; sourceTree = "<group>"; };
		8FB070D81A859A0D001C15D9 /* main.m */ = {isa = PBXFileReference; lastKnownFileType = sourcecode.c.objc; path = main.m; sourceTree = "<group>"; };
		8FB070DA1A859A0D001C15D9 /* AppDelegate.h */ = {isa = PBXFileReference; lastKnownFileType = sourcecode.c.h; path = AppDelegate.h; sourceTree = "<group>"; };
		8FB070DB1A859A0D001C15D9 /* AppDelegate.m */ = {isa = PBXFileReference; lastKnownFileType = sourcecode.c.objc; path = AppDelegate.m; sourceTree = "<group>"; };
		8FB070DD1A859A0D001C15D9 /* ViewController.h */ = {isa = PBXFileReference; lastKnownFileType = sourcecode.c.h; path = ViewController.h; sourceTree = "<group>"; };
		8FB070DE1A859A0D001C15D9 /* ViewController.m */ = {isa = PBXFileReference; lastKnownFileType = sourcecode.c.objc; path = ViewController.m; sourceTree = "<group>"; };
		8FB070E11A859A0D001C15D9 /* Base */ = {isa = PBXFileReference; lastKnownFileType = file.storyboard; name = Base; path = Base.lproj/Main.storyboard; sourceTree = "<group>"; };
		8FB070E31A859A0D001C15D9 /* Images.xcassets */ = {isa = PBXFileReference; lastKnownFileType = folder.assetcatalog; path = Images.xcassets; sourceTree = "<group>"; };
		8FB070E61A859A0D001C15D9 /* Base */ = {isa = PBXFileReference; lastKnownFileType = file.xib; name = Base; path = Base.lproj/LaunchScreen.xib; sourceTree = "<group>"; };
		8FB070EC1A859A0D001C15D9 /* PracticaPushTests.xctest */ = {isa = PBXFileReference; explicitFileType = wrapper.cfbundle; includeInIndex = 0; path = PracticaPushTests.xctest; sourceTree = BUILT_PRODUCTS_DIR; };
		8FB070F11A859A0D001C15D9 /* Info.plist */ = {isa = PBXFileReference; lastKnownFileType = text.plist.xml; path = Info.plist; sourceTree = "<group>"; };
		8FB070F21A859A0D001C15D9 /* PracticaPushTests.m */ = {isa = PBXFileReference; lastKnownFileType = sourcecode.c.objc; path = PracticaPushTests.m; sourceTree = "<group>"; };
/* End PBXFileReference section */

/* Begin PBXFrameworksBuildPhase section */
		8FB070D01A859A0D001C15D9 /* Frameworks */ = {
			isa = PBXFrameworksBuildPhase;
			buildActionMask = 2147483647;
			files = (
			);
			runOnlyForDeploymentPostprocessing = 0;
		};
		8FB070E91A859A0D001C15D9 /* Frameworks */ = {
			isa = PBXFrameworksBuildPhase;
			buildActionMask = 2147483647;
			files = (
			);
			runOnlyForDeploymentPostprocessing = 0;
		};
/* End PBXFrameworksBuildPhase section */

/* Begin PBXGroup section */
		8FB070CA1A859A0D001C15D9 = {
			isa = PBXGroup;
			children = (
				8FB070D51A859A0D001C15D9 /* PracticaPush */,
				8FB070EF1A859A0D001C15D9 /* PracticaPushTests */,
				8FB070D41A859A0D001C15D9 /* Products */,
			);
			sourceTree = "<group>";
		};
		8FB070D41A859A0D001C15D9 /* Products */ = {
			isa = PBXGroup;
			children = (
				8FB070D31A859A0D001C15D9 /* PracticaPush.app */,
				8FB070EC1A859A0D001C15D9 /* PracticaPushTests.xctest */,
			);
			name = Products;
			sourceTree = "<group>";
		};
		8FB070D51A859A0D001C15D9 /* PracticaPush */ = {
			isa = PBXGroup;
			children = (
				8FB070DA1A859A0D001C15D9 /* AppDelegate.h */,
				8FB070DB1A859A0D001C15D9 /* AppDelegate.m */,
				8FB070DD1A859A0D001C15D9 /* ViewController.h */,
				8FB070DE1A859A0D001C15D9 /* ViewController.m */,
				8FB070E01A859A0D001C15D9 /* Main.storyboard */,
				8FB070E31A859A0D001C15D9 /* Images.xcassets */,
				8FB070E51A859A0D001C15D9 /* LaunchScreen.xib */,
				8FB070D61A859A0D001C15D9 /* Supporting Files */,
			);
			path = PracticaPush;
			sourceTree = "<group>";
		};
		8FB070D61A859A0D001C15D9 /* Supporting Files */ = {
			isa = PBXGroup;
			children = (
				8FB070D71A859A0D001C15D9 /* Info.plist */,
				8FB070D81A859A0D001C15D9 /* main.m */,
			);
			name = "Supporting Files";
			sourceTree = "<group>";
		};
		8FB070EF1A859A0D001C15D9 /* PracticaPushTests */ = {
			isa = PBXGroup;
			children = (
				8FB070F21A859A0D001C15D9 /* PracticaPushTests.m */,
				8FB070F01A859A0D001C15D9 /* Supporting Files */,
			);
			path = PracticaPushTests;
			sourceTree = "<group>";
		};
		8FB070F01A859A0D001C15D9 /* Supporting Files */ = {
			isa = PBXGroup;
			children = (
				8FB070F11A859A0D001C15D9 /* Info.plist */,
			);
			name = "Supporting Files";
			sourceTree = "<group>";
		};
/* End PBXGroup section */

/* Begin PBXNativeTarget section */
		8FB070D21A859A0D001C15D9 /* PracticaPush */ = {
			isa = PBXNativeTarget;
			buildConfigurationList = 8FB070F61A859A0D001C15D9 /* Build configuration list for PBXNativeTarget "PracticaPush" */;
			buildPhases = (
				8FB070CF1A859A0D001C15D9 /* Sources */,
				8FB070D01A859A0D001C15D9 /* Frameworks */,
				8FB070D11A859A0D001C15D9 /* Resources */,
			);
			buildRules = (
			);
			dependencies = (
			);
			name = PracticaPush;
			productName = PracticaPush;
			productReference = 8FB070D31A859A0D001C15D9 /* PracticaPush.app */;
			productType = "com.apple.product-type.application";
		};
		8FB070EB1A859A0D001C15D9 /* PracticaPushTests */ = {
			isa = PBXNativeTarget;
			buildConfigurationList = 8FB070F91A859A0D001C15D9 /* Build configuration list for PBXNativeTarget "PracticaPushTests" */;
			buildPhases = (
				8FB070E81A859A0D001C15D9 /* Sources */,
				8FB070E91A859A0D001C15D9 /* Frameworks */,
				8FB070EA1A859A0D001C15D9 /* Resources */,
			);
			buildRules = (
			);
			dependencies = (
				8FB070EE1A859A0D001C15D9 /* PBXTargetDependency */,
			);
			name = PracticaPushTests;
			productName = PracticaPushTests;
			productReference = 8FB070EC1A859A0D001C15D9 /* PracticaPushTests.xctest */;
			productType = "com.apple.product-type.bundle.unit-test";
		};
/* End PBXNativeTarget section */

/* Begin PBXProject section */
		8FB070CB1A859A0D001C15D9 /* Project object */ = {
			isa = PBXProject;
			attributes = {
				LastUpgradeCheck = 0610;
				ORGANIZATIONNAME = TRON;
				TargetAttributes = {
					8FB070D21A859A0D001C15D9 = {
						CreatedOnToolsVersion = 6.1.1;
					};
					8FB070EB1A859A0D001C15D9 = {
						CreatedOnToolsVersion = 6.1.1;
						TestTargetID = 8FB070D21A859A0D001C15D9;
					};
				};
			};
			buildConfigurationList = 8FB070CE1A859A0D001C15D9 /* Build configuration list for PBXProject "PracticaPush" */;
			compatibilityVersion = "Xcode 3.2";
			developmentRegion = English;
			hasScannedForEncodings = 0;
			knownRegions = (
				en,
				Base,
			);
			mainGroup = 8FB070CA1A859A0D001C15D9;
			productRefGroup = 8FB070D41A859A0D001C15D9 /* Products */;
			projectDirPath = "";
			projectRoot = "";
			targets = (
				8FB070D21A859A0D001C15D9 /* PracticaPush */,
				8FB070EB1A859A0D001C15D9 /* PracticaPushTests */,
			);
		};
/* End PBXProject section */

/* Begin PBXResourcesBuildPhase section */
		8FB070D11A859A0D001C15D9 /* Resources */ = {
			isa = PBXResourcesBuildPhase;
			buildActionMask = 2147483647;
			files = (
				8FB070E21A859A0D001C15D9 /* Main.storyboard in Resources */,
				8FB070E71A859A0D001C15D9 /* LaunchScreen.xib in Resources */,
				8FB070E41A859A0D001C15D9 /* Images.xcassets in Resources */,
			);
			runOnlyForDeploymentPostprocessing = 0;
		};
		8FB070EA1A859A0D001C15D9 /* Resources */ = {
			isa = PBXResourcesBuildPhase;
			buildActionMask = 2147483647;
			files = (
			);
			runOnlyForDeploymentPostprocessing = 0;
		};
/* End PBXResourcesBuildPhase section */

/* Begin PBXSourcesBuildPhase section */
		8FB070CF1A859A0D001C15D9 /* Sources */ = {
			isa = PBXSourcesBuildPhase;
			buildActionMask = 2147483647;
			files = (
				8FB070DF1A859A0D001C15D9 /* ViewController.m in Sources */,
				8FB070DC1A859A0D001C15D9 /* AppDelegate.m in Sources */,
				8FB070D91A859A0D001C15D9 /* main.m in Sources */,
			);
			runOnlyForDeploymentPostprocessing = 0;
		};
		8FB070E81A859A0D001C15D9 /* Sources */ = {
			isa = PBXSourcesBuildPhase;
			buildActionMask = 2147483647;
			files = (
				8FB070F31A859A0D001C15D9 /* PracticaPushTests.m in Sources */,
			);
			runOnlyForDeploymentPostprocessing = 0;
		};
/* End PBXSourcesBuildPhase section */

/* Begin PBXTargetDependency section */
		8FB070EE1A859A0D001C15D9 /* PBXTargetDependency */ = {
			isa = PBXTargetDependency;
			target = 8FB070D21A859A0D001C15D9 /* PracticaPush */;
			targetProxy = 8FB070ED1A859A0D001C15D9 /* PBXContainerItemProxy */;
		};
/* End PBXTargetDependency section */

/* Begin PBXVariantGroup section */
		8FB070E01A859A0D001C15D9 /* Main.storyboard */ = {
			isa = PBXVariantGroup;
			children = (
				8FB070E11A859A0D001C15D9 /* Base */,
			);
			name = Main.storyboard;
			sourceTree = "<group>";
		};
		8FB070E51A859A0D001C15D9 /* LaunchScreen.xib */ = {
			isa = PBXVariantGroup;
			children = (
				8FB070E61A859A0D001C15D9 /* Base */,
			);
			name = LaunchScreen.xib;
			sourceTree = "<group>";
		};
/* End PBXVariantGroup section */

/* Begin XCBuildConfiguration section */
		8FB070F41A859A0D001C15D9 /* Debug */ = {
			isa = XCBuildConfiguration;
			buildSettings = {
				ALWAYS_SEARCH_USER_PATHS = NO;
				CLANG_CXX_LANGUAGE_STANDARD = "gnu++0x";
				CLANG_CXX_LIBRARY = "libc++";
				CLANG_ENABLE_MODULES = YES;
				CLANG_ENABLE_OBJC_ARC = YES;
				CLANG_WARN_BOOL_CONVERSION = YES;
				CLANG_WARN_CONSTANT_CONVERSION = YES;
				CLANG_WARN_DIRECT_OBJC_ISA_USAGE = YES_ERROR;
				CLANG_WARN_EMPTY_BODY = YES;
				CLANG_WARN_ENUM_CONVERSION = YES;
				CLANG_WARN_INT_CONVERSION = YES;
				CLANG_WARN_OBJC_ROOT_CLASS = YES_ERROR;
				CLANG_WARN_UNREACHABLE_CODE = YES;
				CLANG_WARN__DUPLICATE_METHOD_MATCH = YES;
				"CODE_SIGN_IDENTITY[sdk=iphoneos*]" = "iPhone Developer";
				COPY_PHASE_STRIP = NO;
				ENABLE_STRICT_OBJC_MSGSEND = YES;
				GCC_C_LANGUAGE_STANDARD = gnu99;
				GCC_DYNAMIC_NO_PIC = NO;
				GCC_OPTIMIZATION_LEVEL = 0;
				GCC_PREPROCESSOR_DEFINITIONS = (
					"DEBUG=1",
					"$(inherited)",
				);
				GCC_SYMBOLS_PRIVATE_EXTERN = NO;
				GCC_WARN_64_TO_32_BIT_CONVERSION = YES;
				GCC_WARN_ABOUT_RETURN_TYPE = YES_ERROR;
				GCC_WARN_UNDECLARED_SELECTOR = YES;
				GCC_WARN_UNINITIALIZED_AUTOS = YES_AGGRESSIVE;
				GCC_WARN_UNUSED_FUNCTION = YES;
				GCC_WARN_UNUSED_VARIABLE = YES;
				IPHONEOS_DEPLOYMENT_TARGET = 8.1;
				MTL_ENABLE_DEBUG_INFO = YES;
				ONLY_ACTIVE_ARCH = YES;
				SDKROOT = iphoneos;
			};
			name = Debug;
		};
		8FB070F51A859A0D001C15D9 /* Release */ = {
			isa = XCBuildConfiguration;
			buildSettings = {
				ALWAYS_SEARCH_USER_PATHS = NO;
				CLANG_CXX_LANGUAGE_STANDARD = "gnu++0x";
				CLANG_CXX_LIBRARY = "libc++";
				CLANG_ENABLE_MODULES = YES;
				CLANG_ENABLE_OBJC_ARC = YES;
				CLANG_WARN_BOOL_CONVERSION = YES;
				CLANG_WARN_CONSTANT_CONVERSION = YES;
				CLANG_WARN_DIRECT_OBJC_ISA_USAGE = YES_ERROR;
				CLANG_WARN_EMPTY_BODY = YES;
				CLANG_WARN_ENUM_CONVERSION = YES;
				CLANG_WARN_INT_CONVERSION = YES;
				CLANG_WARN_OBJC_ROOT_CLASS = YES_ERROR;
				CLANG_WARN_UNREACHABLE_CODE = YES;
				CLANG_WARN__DUPLICATE_METHOD_MATCH = YES;
				"CODE_SIGN_IDENTITY[sdk=iphoneos*]" = "iPhone Developer";
				COPY_PHASE_STRIP = YES;
				ENABLE_NS_ASSERTIONS = NO;
				ENABLE_STRICT_OBJC_MSGSEND = YES;
				GCC_C_LANGUAGE_STANDARD = gnu99;
				GCC_WARN_64_TO_32_BIT_CONVERSION = YES;
				GCC_WARN_ABOUT_RETURN_TYPE = YES_ERROR;
				GCC_WARN_UNDECLARED_SELECTOR = YES;
				GCC_WARN_UNINITIALIZED_AUTOS = YES_AGGRESSIVE;
				GCC_WARN_UNUSED_FUNCTION = YES;
				GCC_WARN_UNUSED_VARIABLE = YES;
				IPHONEOS_DEPLOYMENT_TARGET = 8.1;
				MTL_ENABLE_DEBUG_INFO = NO;
				SDKROOT = iphoneos;
				VALIDATE_PRODUCT = YES;
			};
			name = Release;
		};
		8FB070F71A859A0D001C15D9 /* Debug */ = {
			isa = XCBuildConfiguration;
			buildSettings = {
				ASSETCATALOG_COMPILER_APPICON_NAME = AppIcon;
				INFOPLIST_FILE = PracticaPush/Info.plist;
				LD_RUNPATH_SEARCH_PATHS = "$(inherited) @executable_path/Frameworks";
				PRODUCT_NAME = "$(TARGET_NAME)";
			};
			name = Debug;
		};
		8FB070F81A859A0D001C15D9 /* Release */ = {
			isa = XCBuildConfiguration;
			buildSettings = {
				ASSETCATALOG_COMPILER_APPICON_NAME = AppIcon;
				INFOPLIST_FILE = PracticaPush/Info.plist;
				LD_RUNPATH_SEARCH_PATHS = "$(inherited) @executable_path/Frameworks";
				PRODUCT_NAME = "$(TARGET_NAME)";
			};
			name = Release;
		};
		8FB070FA1A859A0D001C15D9 /* Debug */ = {
			isa = XCBuildConfiguration;
			buildSettings = {
				BUNDLE_LOADER = "$(TEST_HOST)";
				FRAMEWORK_SEARCH_PATHS = (
					"$(SDKROOT)/Developer/Library/Frameworks",
					"$(inherited)",
				);
				GCC_PREPROCESSOR_DEFINITIONS = (
					"DEBUG=1",
					"$(inherited)",
				);
				INFOPLIST_FILE = PracticaPushTests/Info.plist;
				LD_RUNPATH_SEARCH_PATHS = "$(inherited) @executable_path/Frameworks @loader_path/Frameworks";
				PRODUCT_NAME = "$(TARGET_NAME)";
				TEST_HOST = "$(BUILT_PRODUCTS_DIR)/PracticaPush.app/PracticaPush";
			};
			name = Debug;
		};
		8FB070FB1A859A0D001C15D9 /* Release */ = {
			isa = XCBuildConfiguration;
			buildSettings = {
				BUNDLE_LOADER = "$(TEST_HOST)";
				FRAMEWORK_SEARCH_PATHS = (
					"$(SDKROOT)/Developer/Library/Frameworks",
					"$(inherited)",
				);
				INFOPLIST_FILE = PracticaPushTests/Info.plist;
				LD_RUNPATH_SEARCH_PATHS = "$(inherited) @executable_path/Frameworks @loader_path/Frameworks";
				PRODUCT_NAME = "$(TARGET_NAME)";
				TEST_HOST = "$(BUILT_PRODUCTS_DIR)/PracticaPush.app/PracticaPush";
			};
			name = Release;
		};
/* End XCBuildConfiguration section */

/* Begin XCConfigurationList section */
		8FB070CE1A859A0D001C15D9 /* Build configuration list for PBXProject "PracticaPush" */ = {
			isa = XCConfigurationList;
			buildConfigurations = (
				8FB070F41A859A0D001C15D9 /* Debug */,
				8FB070F51A859A0D001C15D9 /* Release */,
			);
			defaultConfigurationIsVisible = 0;
			defaultConfigurationName = Release;
		};
		8FB070F61A859A0D001C15D9 /* Build configuration list for PBXNativeTarget "PracticaPush" */ = {
			isa = XCConfigurationList;
			buildConfigurations = (
				8FB070F71A859A0D001C15D9 /* Debug */,
				8FB070F81A859A0D001C15D9 /* Release */,
			);
			defaultConfigurationIsVisible = 0;
		};
		8FB070F91A859A0D001C15D9 /* Build configuration list for PBXNativeTarget "PracticaPushTests" */ = {
			isa = XCConfigurationList;
			buildConfigurations = (
				8FB070FA1A859A0D001C15D9 /* Debug */,
				8FB070FB1A859A0D001C15D9 /* Release */,
			);
			defaultConfigurationIsVisible = 0;
		};
/* End XCConfigurationList section */
	};
	rootObject = 8FB070CB1A859A0D001C15D9 /* Project object */;
}
